
Microsoft Visual Studio Solution File, Format Version 12.00
# Visual Studio Version 17
VisualStudioVersion = 17.0.31912.275
MinimumVisualStudioVersion = 10.0.40219.1
Project("{FAE04EC0-301F-11D3-BF4B-00C04F79EFBC}") = "Final", "Final\Final.csproj", "{F48B4BDF-DF9F-41F2-9D35-7AAA0E0BD3BF}"
EndProject
Global
	GlobalSection(SolutionConfigurationPlatforms) = preSolution
		Debug|Any CPU = Debug|Any CPU
		Release|Any CPU = Release|Any CPU
	EndGlobalSection
	GlobalSection(ProjectConfigurationPlatforms) = postSolution
		{F48B4BDF-DF9F-41F2-9D35-7AAA0E0BD3BF}.Debug|Any CPU.ActiveCfg = Debug|Any CPU
		{F48B4BDF-DF9F-41F2-9D35-7AAA0E0BD3BF}.Debug|Any CPU.Build.0 = Debug|Any CPU
		{F48B4BDF-DF9F-41F2-9D35-7AAA0E0BD3BF}.Release|Any CPU.ActiveCfg = Release|Any CPU
		{F48B4BDF-DF9F-41F2-9D35-7AAA0E0BD3BF}.Release|Any CPU.Build.0 = Release|Any CPU
	EndGlobalSection
	GlobalSection(SolutionProperties) = preSolution
		HideSolutionNode = FALSE
	EndGlobalSection
	GlobalSection(ExtensibilityGlobals) = postSolution
		SolutionGuid = {A1B951ED-AE89-46F1-923C-D5B34E708CD0}
	EndGlobalSection
EndGlobal
